
Microsoft Visual Studio Solution File, Format Version 12.00
# Visual Studio Version 17
VisualStudioVersion = 17.0.31903.59
MinimumVisualStudioVersion = 10.0.40219.1
Project("{2150E333-8FDC-42A3-9474-1A3956D46DE8}") = "src", "src", "{840B3689-A1F7-4D35-A841-FE60BC529BD3}"
EndProject
Project("{FAE04EC0-301F-11D3-BF4B-00C04F79EFBC}") = "Actio.Api", "src\Actio.Api\Actio.Api.csproj", "{453B2043-FA36-4820-861F-067AC2569D52}"
EndProject
Project("{FAE04EC0-301F-11D3-BF4B-00C04F79EFBC}") = "Actio.Services.Activities", "src\Actio.Services.Activities\Actio.Services.Activities.csproj", "{B106BAC3-7BCB-4020-8C40-23412D39C676}"
EndProject
Project("{FAE04EC0-301F-11D3-BF4B-00C04F79EFBC}") = "Actio.Services.Identity", "src\Actio.Services.Identity\Actio.Services.Identity.csproj", "{554E3D82-FA5E-4876-B75D-7D71E33D114D}"
EndProject
Project("{FAE04EC0-301F-11D3-BF4B-00C04F79EFBC}") = "Actio.Common", "src\Actio.Common\Actio.Common.csproj", "{9F558A09-7557-449A-B2CE-05EEDEB5AB65}"
EndProject
Global
	GlobalSection(SolutionConfigurationPlatforms) = preSolution
		Debug|Any CPU = Debug|Any CPU
		Release|Any CPU = Release|Any CPU
	EndGlobalSection
	GlobalSection(SolutionProperties) = preSolution
		HideSolutionNode = FALSE
	EndGlobalSection
	GlobalSection(ProjectConfigurationPlatforms) = postSolution
		{453B2043-FA36-4820-861F-067AC2569D52}.Debug|Any CPU.ActiveCfg = Debug|Any CPU
		{453B2043-FA36-4820-861F-067AC2569D52}.Debug|Any CPU.Build.0 = Debug|Any CPU
		{453B2043-FA36-4820-861F-067AC2569D52}.Release|Any CPU.ActiveCfg = Release|Any CPU
		{453B2043-FA36-4820-861F-067AC2569D52}.Release|Any CPU.Build.0 = Release|Any CPU
		{B106BAC3-7BCB-4020-8C40-23412D39C676}.Debug|Any CPU.ActiveCfg = Debug|Any CPU
		{B106BAC3-7BCB-4020-8C40-23412D39C676}.Debug|Any CPU.Build.0 = Debug|Any CPU
		{B106BAC3-7BCB-4020-8C40-23412D39C676}.Release|Any CPU.ActiveCfg = Release|Any CPU
		{B106BAC3-7BCB-4020-8C40-23412D39C676}.Release|Any CPU.Build.0 = Release|Any CPU
		{554E3D82-FA5E-4876-B75D-7D71E33D114D}.Debug|Any CPU.ActiveCfg = Debug|Any CPU
		{554E3D82-FA5E-4876-B75D-7D71E33D114D}.Debug|Any CPU.Build.0 = Debug|Any CPU
		{554E3D82-FA5E-4876-B75D-7D71E33D114D}.Release|Any CPU.ActiveCfg = Release|Any CPU
		{554E3D82-FA5E-4876-B75D-7D71E33D114D}.Release|Any CPU.Build.0 = Release|Any CPU
		{9F558A09-7557-449A-B2CE-05EEDEB5AB65}.Debug|Any CPU.ActiveCfg = Debug|Any CPU
		{9F558A09-7557-449A-B2CE-05EEDEB5AB65}.Debug|Any CPU.Build.0 = Debug|Any CPU
		{9F558A09-7557-449A-B2CE-05EEDEB5AB65}.Release|Any CPU.ActiveCfg = Release|Any CPU
		{9F558A09-7557-449A-B2CE-05EEDEB5AB65}.Release|Any CPU.Build.0 = Release|Any CPU
	EndGlobalSection
	GlobalSection(NestedProjects) = preSolution
		{453B2043-FA36-4820-861F-067AC2569D52} = {840B3689-A1F7-4D35-A841-FE60BC529BD3}
		{B106BAC3-7BCB-4020-8C40-23412D39C676} = {840B3689-A1F7-4D35-A841-FE60BC529BD3}
		{554E3D82-FA5E-4876-B75D-7D71E33D114D} = {840B3689-A1F7-4D35-A841-FE60BC529BD3}
		{9F558A09-7557-449A-B2CE-05EEDEB5AB65} = {840B3689-A1F7-4D35-A841-FE60BC529BD3}
	EndGlobalSection
EndGlobal
